
Microsoft Visual Studio Solution File, Format Version 12.00
# Visual Studio 14
VisualStudioVersion = 14.0.25420.1
MinimumVisualStudioVersion = 10.0.40219.1
Project("{FAE04EC0-301F-11D3-BF4B-00C04F79EFBC}") = "SokolKR", "ConsoleApplication1\SokolKR.csproj", "{5E15E7E1-0FE5-4A5F-B3AE-8D3D355BE8B8}"
EndProject
Global
	GlobalSection(SolutionConfigurationPlatforms) = preSolution
		Debug|Any CPU = Debug|Any CPU
		Release|Any CPU = Release|Any CPU
	EndGlobalSection
	GlobalSection(ProjectConfigurationPlatforms) = postSolution
		{5E15E7E1-0FE5-4A5F-B3AE-8D3D355BE8B8}.Debug|Any CPU.ActiveCfg = Debug|Any CPU
		{5E15E7E1-0FE5-4A5F-B3AE-8D3D355BE8B8}.Debug|Any CPU.Build.0 = Debug|Any CPU
		{5E15E7E1-0FE5-4A5F-B3AE-8D3D355BE8B8}.Release|Any CPU.ActiveCfg = Release|Any CPU
		{5E15E7E1-0FE5-4A5F-B3AE-8D3D355BE8B8}.Release|Any CPU.Build.0 = Release|Any CPU
	EndGlobalSection
	GlobalSection(SolutionProperties) = preSolution
		HideSolutionNode = FALSE
	EndGlobalSection
EndGlobal
